{
  "name": "cxx",
  "lockfileVersion": 3,
  "requires": true,
  "packages": {
    "": {
      "dependencies": {
        "tmux-cxx": "file:_build/probes/node-package-g6yUQ9/packed/tmux-cxx-0.1.0-dev.0.tgz"
      }
    },
    "node_modules/tmux-cxx": {
      "version": "0.1.0-dev.0",
      "resolved": "file:_build/probes/node-package-g6yUQ9/packed/tmux-cxx-0.1.0-dev.0.tgz",
      "integrity": "sha512-p0773GkQkgn15HatL0jnGjceeVaPq4S8lid6KzFytXBCp4hfmcf66RbN4fAY2jZ1Bd2SzU7boGDhRUPaCZ5qtw==",
      "engines": {
        "node": ">=24"
      }
    }
  }
}
