version = 1
revision = 5
requires-python = ">=3.12"
resolution-markers = [
    "python_full_version >= '3.15'",
    "python_full_version < '3.15'",
]

[options]
exclude-newer = "2026-10-07T23:59:59Z"

[[package]]
name = "cmake"
version = "4.4.4"
source = { registry = "https://pypi.org/simple" }
sdist = { url = "https://files.pythonhosted.org/packages/14/2a/88d51f5fc74358edb89afedeb8154db0d9c0bbd256747bf28de472e4fa5c/cmake-4.4.4.tar.gz", hash = "sha256:f337d18e33b116cabae9a7a8ff423fc0bc3f389da0acefeb724e1397128dcc34", size = 13287563, upload-time = "2026-10-04T09:10:05.134Z" }
wheels = [
    { url = "https://files.pythonhosted.org/packages/3f/02/86b484e16c91de4bdf90dfab37a33c3e5512bc30d3a494759976df0943b9/cmake-4.4.4-py3-none-macosx_10_10_universal2.whl", hash = "sha256:883962a72b1b3a16ff445427f24c8caca9797dd9e563bbe208cbcd89e877f9d3", size = 54404900, upload-time = "2026-10-04T09:09:09.509Z" },
    { url = "https://files.pythonhosted.org/packages/76/0a/f6c1119b24ca4b81476f9398e90f3f8175756dfe16e082c691b12992c991/cmake-4.4.4-py3-none-manylinux2014_aarch64.manylinux_2_17_aarch64.whl", hash = "sha256:b3029f586853e01ddf2824c1ff124a1c5284f8ae897994758e9c4eeb45903b58", size = 30300845, upload-time = "2026-10-04T09:09:12.83Z" },
    { url = "https://files.pythonhosted.org/packages/68/36/36529da1c3d8b28af4427d719ed258266289980ad2b8ccc9ceda55bc82e5/cmake-4.4.4-py3-none-manylinux2014_i686.manylinux_2_17_i686.whl", hash = "sha256:02e9599cba932b386dc5c7e29db5dbda0610d13263798ff1521298c18014357d", size = 31476299, upload-time = "2026-10-04T09:09:16.042Z" },
    { url = "https://files.pythonhosted.org/packages/8c/66/9d3bc5c7d32cd7be3f3fb1775562a250293b0460cb20e99a6b2d88b8dc5d/cmake-4.4.4-py3-none-manylinux2014_ppc64le.manylinux_2_17_ppc64le.whl", hash = "sha256:959fdcb277c63180928fe2c388063aa26dcfa1968033f7904eed1948ed44283b", size = 31236886, upload-time = "2026-10-04T09:09:18.954Z" },
    { url = "https://files.pythonhosted.org/packages/a5/88/d33686d356a0ca42dbd957651b25ff6023303f36a108874a44ba1c19032b/cmake-4.4.4-py3-none-manylinux2014_s390x.manylinux_2_17_s390x.whl", hash = "sha256:a3b4d4a35ba69360e630d2ce33020f42a61e09af28fe81122697989d11be8b39", size = 29102143, upload-time = "2026-10-04T09:09:21.827Z" },
    { url = "https://files.pythonhosted.org/packages/7e/d5/664ea06d01864f25d6067f09fa218404e4d588edd5e495135ac91429fecb/cmake-4.4.4-py3-none-manylinux2014_x86_64.manylinux_2_17_x86_64.whl", hash = "sha256:f773a0544c66370408f451acd487c2c643b0dfebb48c5d64f3638bc1bb820238", size = 30245729, upload-time = "2026-10-04T09:09:24.551Z" },
    { url = "https://files.pythonhosted.org/packages/82/14/8c9c11d27d7995d1b8a0f016626b62bd9cc633fb2097a079f2394df0c315/cmake-4.4.4-py3-none-manylinux_2_31_armv7l.whl", hash = "sha256:7b4a9c0d8146691d91b094633e4cd4f0cc4cdb8e04db0e8d805056db064396e0", size = 27334022, upload-time = "2026-10-04T09:09:27.724Z" },
    { url = "https://files.pythonhosted.org/packages/df/56/5d010b1fed5b7f151d9f9118f06b623410a887fc0730e3e5395c73ba73cd/cmake-4.4.4-py3-none-manylinux_2_31_riscv64.whl", hash = "sha256:45a5c5e058e1e456f8da99e8bb83c98df079f385afd0bbea222a7eab6fdc1a8f", size = 27446896, upload-time = "2026-10-04T09:09:30.477Z" },
    { url = "https://files.pythonhosted.org/packages/4b/13/ff769c6fc4a1e1458d3e18c7989e84cc1d374bda994d01ec900d1d3bdd44/cmake-4.4.4-py3-none-musllinux_1_2_aarch64.whl", hash = "sha256:e2d98233f16b5d6b9d4673a0a724ce801fc413811befb8f0b008cbffb7a2ad63", size = 39501571, upload-time = "2026-10-04T09:09:33.487Z" },
    { url = "https://files.pythonhosted.org/packages/da/c7/c76c6e6ab207313c3a74b26371bad077d0a7dfae382b0c6c42855fb9ab97/cmake-4.4.4-py3-none-musllinux_1_2_armv7l.whl", hash = "sha256:9ca4d839ced82f92b69319f50a65addf3051fae5d34464d9ac5b0296aba6ccb3", size = 36132478, upload-time = "2026-10-04T09:09:36.711Z" },
    { url = "https://files.pythonhosted.org/packages/bc/14/a75d103d50af73b8ef9b7efb384fd6cc55fde3b68c4fab8a8d23f5bc1bdc/cmake-4.4.4-py3-none-musllinux_1_2_i686.whl", hash = "sha256:3c3f40c4656ec1ad1b873dd502bb31b3bba75295ae66b2623e515f2931eddbcb", size = 42262366, upload-time = "2026-10-04T09:09:39.894Z" },
    { url = "https://files.pythonhosted.org/packages/d3/9f/5ff3a3a5c13d0a170984bcee536627a5eb1c6c0980c404f476172c966e90/cmake-4.4.4-py3-none-musllinux_1_2_ppc64le.whl", hash = "sha256:c7def2c08d9d0d31bab239209946e45a97520518ae63c0401772206f28b81523", size = 41426442, upload-time = "2026-10-04T09:09:43.273Z" },
    { url = "https://files.pythonhosted.org/packages/7b/4e/cdf85d65020a3ba29cabf97fae1e2a32c20437e09d2fe8dd516be65500fd/cmake-4.4.4-py3-none-musllinux_1_2_riscv64.whl", hash = "sha256:d25e1d6baad137ddf21e576bf5296cd941bdd0da85baedbf78f673261fd2fca3", size = 36341400, upload-time = "2026-10-04T09:09:46.687Z" },
    { url = "https://files.pythonhosted.org/packages/89/ae/4f1c85e73c008a27ca5a6bd2b04d84c85a92cb8e110a085df1df65ca75a9/cmake-4.4.4-py3-none-musllinux_1_2_s390x.whl", hash = "sha256:b4ed2c1a8f9c90e37a1f3095f7ed94979ebf3f94d0e90e63d50f4e72d419773a", size = 38685338, upload-time = "2026-10-04T09:09:49.889Z" },
    { url = "https://files.pythonhosted.org/packages/21/72/48ce731c497ac567151f8919f910ed7c934e4802b4b6323ca5a04c5c0c51/cmake-4.4.4-py3-none-musllinux_1_2_x86_64.whl", hash = "sha256:ed50c732a82ac04f6e5606a0677ddfb49dda9ee130f9d4163c5df217e478417e", size = 39468383, upload-time = "2026-10-04T09:09:53.11Z" },
    { url = "https://files.pythonhosted.org/packages/7e/be/ea37d6bff1a42df9e95453f1951035a564af2f481d30c9b874a7ee2c1e4c/cmake-4.4.4-py3-none-win32.whl", hash = "sha256:eb0ff21b4309828f8fc0f0542022768f24b15aa1af3284e16c1eb01cdbe7d3e5", size = 38769584, upload-time = "2026-10-04T09:09:55.974Z" },
    { url = "https://files.pythonhosted.org/packages/87/9c/a7918eeeed09b34aa5dc1b767367fb1a2dcbb56171be00be0fd1280fe752/cmake-4.4.4-py3-none-win_amd64.whl", hash = "sha256:ad8e0a38b5707e27882701146bdfffecacd80e7703fa0fc36c77528518d545af", size = 42321211, upload-time = "2026-10-04T09:09:58.982Z" },
    { url = "https://files.pythonhosted.org/packages/80/13/f22fc05d0201b8c90f72b6b9d4b38ca4b36a70d2e53e865ab0d4834c4c72/cmake-4.4.4-py3-none-win_arm64.whl", hash = "sha256:6b914a7d9492d6134d43d484500cacd3a70466f6e31fcaf5145cf87128c28114", size = 40491770, upload-time = "2026-10-04T09:10:02.305Z" },
]

[[package]]
name = "colorama"
version = "0.4.6"
source = { registry = "https://pypi.org/simple" }
sdist = { url = "https://files.pythonhosted.org/packages/d8/53/6f443c9a4a8358a93a6792e2acffb9d9d5cb0a5cfd8802644b7b1c9a02e4/colorama-0.4.6.tar.gz", hash = "sha256:08695f5cb7ed6e0531a20572697297273c47b8cae5a63ffc6d6ed5c201be6e44", size = 27697, upload-time = "2022-10-25T02:36:22.414Z" }
wheels = [
    { url = "https://files.pythonhosted.org/packages/d1/d6/3965ed04c63042e047cb6a3e6ed1a63a35087b6a609aa3a15ed8ac56c221/colorama-0.4.6-py2.py3-none-any.whl", hash = "sha256:4f1d9991f5acc0ca119f9d443620b77f9d6b33703e51011c16baf57afb285fc6", size = 25335, upload-time = "2022-10-25T02:36:20.889Z" },
]

[[package]]
name = "iniconfig"
version = "2.3.0"
source = { registry = "https://pypi.org/simple" }
sdist = { url = "https://files.pythonhosted.org/packages/72/34/14ca021ce8e5dfedc35312d08ba8bf51fdd999c576889fc2c24cb97f4f10/iniconfig-2.3.0.tar.gz", hash = "sha256:c76315c77db068650d49c5b56314774a7804df16fee4402c1f19d6d15d8c4730", size = 20503, upload-time = "2025-10-18T21:55:43.219Z" }
wheels = [
    { url = "https://files.pythonhosted.org/packages/cb/b1/3846dd7f199d53cb17f49cba7e651e9ce294d8497c8c150530ed11865bb8/iniconfig-2.3.0-py3-none-any.whl", hash = "sha256:f631c04d2c48c52b84d0d0549c99ff3859c98df65b3101406327ecc7d53fbf12", size = 7484, upload-time = "2025-10-18T21:55:41.639Z" },
]

[[package]]
name = "nanobind"
version = "3.1.0"
source = { registry = "https://pypi.org/simple" }
sdist = { url = "https://files.pythonhosted.org/packages/c7/1f/e28fae715401e8f57400e72aeaff4fde12046d31828164f34f61f0816da8/nanobind-3.1.0.tar.gz", hash = "sha256:6661e3dc1434d78781ccf7913442d90361dab395c3424efadb63bbb6ddea7ea3", size = 1145390, upload-time = "2026-09-18T15:59:42.726Z" }
wheels = [
    { url = "https://files.pythonhosted.org/packages/36/c1/6fd56f7a02a478d54a1a3e6000eccd34b446b1c45cbf0d002fe5d2937126/nanobind-3.1.0-py3-none-any.whl", hash = "sha256:96984dbe8154ffb86e653b1b60aaeed6985c710c5e75ad0279eb87943c66292d", size = 316917, upload-time = "2026-09-18T15:59:37.796Z" },
]

[[package]]
name = "ninja"
version = "1.13.2"
source = { registry = "https://pypi.org/simple" }
sdist = { url = "https://files.pythonhosted.org/packages/ac/92/410b7917d16ab54c04b05cc32b9284803671d91cf79d33be6009c28d4ea8/ninja-1.13.2.tar.gz", hash = "sha256:525bfa3fc88aa30a4467df270fd5be6f9fcae8061d54d4df74ea1dc5abd5a975", size = 243739, upload-time = "2026-08-30T15:49:51.897Z" }
wheels = [
    { url = "https://files.pythonhosted.org/packages/b5/b8/90a9518f2264637084d6199bc20c2f3fb97fefc4c474d277720150c3bd6d/ninja-1.13.2-py3-none-macosx_10_9_universal2.whl", hash = "sha256:fd82e26c0706ad4ab88e5fdd26f3fab0a987a90f810160f6c322e752c6af298b", size = 306611, upload-time = "2026-08-30T15:49:28.267Z" },
    { url = "https://files.pythonhosted.org/packages/35/54/7368ce188625e39acc03ee362bb86cc9bfa6ad15e25c50889ae36e2889b3/ninja-1.13.2-py3-none-manylinux2014_aarch64.manylinux_2_17_aarch64.whl", hash = "sha256:d775a5e43e9088f507a6250d57fcf5678eb31268c545feb5064ffeee33735622", size = 177180, upload-time = "2026-08-30T15:49:29.59Z" },
    { url = "https://files.pythonhosted.org/packages/80/1a/0b5601ece2a5de97253e7c7c442b70315333955593c2b55616fd17f1706f/ninja-1.13.2-py3-none-manylinux2014_i686.manylinux_2_17_i686.whl", hash = "sha256:81d95081c0ad7c95f67bf682220361ed2a32659d7861b4766b03433c58f22516", size = 199485, upload-time = "2026-08-30T15:49:30.72Z" },
    { url = "https://files.pythonhosted.org/packages/48/23/fcbe234a66966e35928c47b86336f92a7612db4781665f4e5f5fddef9630/ninja-1.13.2-py3-none-manylinux2014_ppc64le.manylinux_2_17_ppc64le.whl", hash = "sha256:227cbc3ae3e5e429692388103cae8c09451df086cd2d342dae0795af0d162547", size = 197676, upload-time = "2026-08-30T15:49:32.026Z" },
    { url = "https://files.pythonhosted.org/packages/24/eb/a6ca97ef0ff7bb8bdcb395ec65a716e65d7c1f40896c3afe0090bb3e1535/ninja-1.13.2-py3-none-manylinux2014_s390x.manylinux_2_17_s390x.whl", hash = "sha256:1684c60d031c54c1d049541b64243c0c567dca5463dbd77682a8901780af293d", size = 187980, upload-time = "2026-08-30T15:49:33.372Z" },
    { url = "https://files.pythonhosted.org/packages/6e/53/ebfed7b689c338dd8ebeec9c0730c8d56821292f14e2536e5f3ef1a05744/ninja-1.13.2-py3-none-manylinux2014_x86_64.manylinux_2_17_x86_64.whl", hash = "sha256:65a24341b5ac09fcadcc37082660be40a94174e51a937fabf6e2cae26225fa2c", size = 183365, upload-time = "2026-08-30T15:49:34.53Z" },
    { url = "https://files.pythonhosted.org/packages/c7/d6/dcf06d7ab44ade992ae5aa1228feff317684b463a1bd47e8642b30ac922e/ninja-1.13.2-py3-none-manylinux_2_28_armv7l.manylinux_2_31_armv7l.whl", hash = "sha256:aa3d2ae5706a2c4d1e93edc951d1c6cbb45107413c404f8fde1741239efbc9a0", size = 155089, upload-time = "2026-08-30T15:49:35.72Z" },
    { url = "https://files.pythonhosted.org/packages/e1/6b/6513c09c33382b17c05b4349b8e81437b18680d0d7ec6fb8f7edc29adda1/ninja-1.13.2-py3-none-manylinux_2_31_riscv64.whl", hash = "sha256:919572cbc3f233261ecd41fe1f3efc9d44aa02464a4588867e06a8b4f6f416ea", size = 152149, upload-time = "2026-08-30T15:49:36.971Z" },
    { url = "https://files.pythonhosted.org/packages/4d/70/d59fa4261f5ce586f43d8716de1da33d813afc116f0bf9173bf4cdbfdb2a/ninja-1.13.2-py3-none-musllinux_1_2_aarch64.whl", hash = "sha256:0e083700470c02ca154a855ae6d692d03564f5064cae52e113896f9ccc078418", size = 525392, upload-time = "2026-08-30T15:49:38.136Z" },
    { url = "https://files.pythonhosted.org/packages/37/04/c8c2dc5b2f5fee79a1691d490256b178b7e1af97d56769117422ae8a23cc/ninja-1.13.2-py3-none-musllinux_1_2_armv7l.whl", hash = "sha256:59d71c3e15b6b6f3d903eb0c27285544e0747ca59925ada7037bb1af781ad4b3", size = 466268, upload-time = "2026-08-30T15:49:39.479Z" },
    { url = "https://files.pythonhosted.org/packages/f3/6d/fce288647e53e96e0f0929a3c5b23986aae1b7101ea8889a3090237c5d13/ninja-1.13.2-py3-none-musllinux_1_2_i686.whl", hash = "sha256:f90f84affc441e219f15fe52532806c1c9dbd22fb66c3addddce88a3deaabab7", size = 605088, upload-time = "2026-08-30T15:49:40.826Z" },
    { url = "https://files.pythonhosted.org/packages/10/a2/d8eedd25d0ae80b9e874aea362013e67416877c8f732eb4d5e7c971fdb9c/ninja-1.13.2-py3-none-musllinux_1_2_ppc64le.whl", hash = "sha256:b2f687437fac460b27b7eadc99039b1163016fb4ba7276e2782a192d9f24ee0e", size = 610806, upload-time = "2026-08-30T15:49:42.168Z" },
    { url = "https://files.pythonhosted.org/packages/14/0f/696d96821fad1b5767fd311c1569dde8881a57412369bfe7b11bcbfde036/ninja-1.13.2-py3-none-musllinux_1_2_riscv64.whl", hash = "sha256:09de9ab04f7352f51570c73fd4913acb1e6c24be0a72cd8b80243d4d3ed04925", size = 533978, upload-time = "2026-08-30T15:49:43.451Z" },
    { url = "https://files.pythonhosted.org/packages/5d/69/28844ca579156776a202217a7cd66f60d06a0710a935e879bb89ce396ecc/ninja-1.13.2-py3-none-musllinux_1_2_s390x.whl", hash = "sha256:6a87bf42b123abe2f37737300185f0a303a891899da85d73a3613ee80547e578", size = 653822, upload-time = "2026-08-30T15:49:44.724Z" },
    { url = "https://files.pythonhosted.org/packages/f5/5f/c511f2952f94ab2966d60edd9c34e744ea32f2724b1184b62270bde55b3a/ninja-1.13.2-py3-none-musllinux_1_2_x86_64.whl", hash = "sha256:915bd482c4be41c75120fd67a22e0bb3f0fbb3bbc5f95b89787deadd59e27ef2", size = 544460, upload-time = "2026-08-30T15:49:46.29Z" },
    { url = "https://files.pythonhosted.org/packages/79/e7/fb0e828e89ac77ef77183a0834f17c4108e66088732fed86a3cc3c776a7a/ninja-1.13.2-py3-none-win32.whl", hash = "sha256:792cadbb9decfd1f776d4d0a6930feb46d08302eb57c176bcf26b09de5748e9f", size = 270319, upload-time = "2026-08-30T15:49:47.942Z" },
    { url = "https://files.pythonhosted.org/packages/3f/dd/3766b5f4d32e8a9b97d195496b0b01fbbe2e1a41669dab0cd6492a6ce199/ninja-1.13.2-py3-none-win_amd64.whl", hash = "sha256:1293f4078278b70d0ee4b6cc8f3a9e030656c9b2f59909970343c4fe76070118", size = 311798, upload-time = "2026-08-30T15:49:49.351Z" },
    { url = "https://files.pythonhosted.org/packages/b7/8d/59a31fa508070d042571d9d226b541a21000756817313f397da22287ad34/ninja-1.13.2-py3-none-win_arm64.whl", hash = "sha256:1db9852e528efa7702f5123969f86678663e46d57ff28ab13f5fd84d64a85fb1", size = 290620, upload-time = "2026-08-30T15:49:50.639Z" },
]

[[package]]
name = "packaging"
version = "26.3"
source = { registry = "https://pypi.org/simple" }
sdist = { url = "https://files.pythonhosted.org/packages/7d/fa/3944b40b07da9ce895c0e6303a5ab7d53da063554f534556b134a54d6093/packaging-26.3.tar.gz", hash = "sha256:94edc256424af38762eb31306eed28beb9f0efc50a8837492c9d6fd6004aed79", size = 313412, upload-time = "2026-08-04T18:15:28.737Z" }
wheels = [
    { url = "https://files.pythonhosted.org/packages/63/34/ba1c580383c9eada3711951fef0795c80b829a078d72188184bcab9dd527/packaging-26.3-py3-none-any.whl", hash = "sha256:d7193f7c8e4e93f444fde0262bf90af30e16fa0ad0ad44cb553c87339b23cd1c", size = 129956, upload-time = "2026-08-04T18:15:27.159Z" },
]

[[package]]
name = "pathspec"
version = "1.1.1"
source = { registry = "https://pypi.org/simple" }
sdist = { url = "https://files.pythonhosted.org/packages/5a/82/42f767fc1c1143d6fd36efb827202a2d997a375e160a71eb2888a925aac1/pathspec-1.1.1.tar.gz", hash = "sha256:17db5ecd524104a120e173814c90367a96a98d07c45b2e10c2f3919fff91bf5a", size = 135180, upload-time = "2026-04-27T01:46:08.907Z" }
wheels = [
    { url = "https://files.pythonhosted.org/packages/f1/d9/7fb5aa316bc299258e68c73ba3bddbc499654a07f151cba08f6153988714/pathspec-1.1.1-py3-none-any.whl", hash = "sha256:a00ce642f577bf7f473932318056212bc4f8bfdf53128c78bbd5af0b9b20b189", size = 57328, upload-time = "2026-04-27T01:46:07.06Z" },
]

[[package]]
name = "pluggy"
version = "1.6.0"
source = { registry = "https://pypi.org/simple" }
sdist = { url = "https://files.pythonhosted.org/packages/f9/e2/3e91f31a7d2b083fe6ef3fa267035b518369d9511ffab804f839851d2779/pluggy-1.6.0.tar.gz", hash = "sha256:7dcc130b76258d33b90f61b658791dede3486c3e6bfb003ee5c9bfb396dd22f3", size = 69412, upload-time = "2025-05-15T12:30:07.975Z" }
wheels = [
    { url = "https://files.pythonhosted.org/packages/54/20/4d324d65cc6d9205fabedc306948156824eb9f0ee1633355a8f7ec5c66bf/pluggy-1.6.0-py3-none-any.whl", hash = "sha256:e920276dd6813095e9377c0bc5566d94c932c33b27a3e3945d8389c374dd4746", size = 20538, upload-time = "2025-05-15T12:30:06.134Z" },
]

[[package]]
name = "pygments"
version = "2.21.0"
source = { registry = "https://pypi.org/simple" }
sdist = { url = "https://files.pythonhosted.org/packages/49/2e/ced460408999b33da6b31b0021b0f37d329e202d4169aeb164493778f25b/pygments-2.21.0.tar.gz", hash = "sha256:610ca751c9bc2492b38eb9a38a7fbc93edbbb2d7182edaf34e66ae493dee5c8c", size = 5005329, upload-time = "2026-08-17T08:02:48.824Z" }
wheels = [
    { url = "https://files.pythonhosted.org/packages/71/46/17f022dd3e953bf20a04a028a21ec746d942f8d2af30fa0f124fa0e6a684/pygments-2.21.0-py3-none-any.whl", hash = "sha256:2363c69b61c4a97c838da3b130dcd6468f4848992b21a82f2a63ec34377137d9", size = 1250147, upload-time = "2026-08-17T08:02:44.912Z" },
]

[[package]]
name = "pytest"
version = "9.1.1"
source = { registry = "https://pypi.org/simple" }
dependencies = [
    { name = "colorama", marker = "sys_platform == 'win32'" },
    { name = "iniconfig" },
    { name = "packaging" },
    { name = "pluggy" },
    { name = "pygments" },
]
sdist = { url = "https://files.pythonhosted.org/packages/e4/47/b9efed96c114afcfa3c9d3fe98a76a1d14c74a9e266d397cf6eb64be5e01/pytest-9.1.1.tar.gz", hash = "sha256:1088fbde8f2b49d95a549a195707afa7a76a3ce9bcadc26b6d71f0ffda5fe313", size = 1636369, upload-time = "2026-06-19T10:58:32.857Z" }
wheels = [
    { url = "https://files.pythonhosted.org/packages/24/25/1de2678b631f5a49215c6c96fff41ba892b0a34df68d6d80292b1b48aa7f/pytest-9.1.1-py3-none-any.whl", hash = "sha256:37a86b45efb9a47a61a36449063e8e18d0cab3161329fc099eb21783169c4f0c", size = 386536, upload-time = "2026-06-19T10:58:31.347Z" },
]

[[package]]
name = "ruff"
version = "0.16.10"
source = { registry = "https://pypi.org/simple" }
sdist = { url = "https://files.pythonhosted.org/packages/c4/49/23802c45f093eb14bde54b141d2b2f058edfa63a06db7beed047308cc08f/ruff-0.16.10.tar.gz", hash = "sha256:eff4728c4eaae93f0955cd264d24b2ab348e74bf59986ccf282ba6dc16b3b017", size = 4958724, upload-time = "2026-10-01T18:03:21.697Z" }
wheels = [
    { url = "https://files.pythonhosted.org/packages/2f/21/ebce22e1d90cdb2cd691026b9c6e9bec6499f0b396089481755b5d49efff/ruff-0.16.10-py3-none-linux_armv6l.whl", hash = "sha256:488b0fe3f3574210e5cf80d9f59b9e3ab17a127a8155de3f307b392589cfb511", size = 10095557, upload-time = "2026-10-01T18:02:36.072Z" },
    { url = "https://files.pythonhosted.org/packages/cb/98/a54de85876a8b2612bfa0d84c7b9abfb39c6a3354aee7800b09c1649b9e3/ruff-0.16.10-py3-none-macosx_10_12_x86_64.whl", hash = "sha256:e748ff95c934c4e978783b8e687bc174e7bd84e8ad24e3243e1ecfcda5e0282d", size = 10340577, upload-time = "2026-10-01T18:02:39.258Z" },
    { url = "https://files.pythonhosted.org/packages/9f/16/1a5a4a2657effe4806110f2b907313802f1367fcdbb29e8122766e407fab/ruff-0.16.10-py3-none-macosx_11_0_arm64.whl", hash = "sha256:3031a4a2e8e7b8a46f70be45f198c35a11ece509a94b80334d8d397a33c67550", size = 9774282, upload-time = "2026-10-01T18:02:41.79Z" },
    { url = "https://files.pythonhosted.org/packages/6e/fb/470085af734da396e68cd80fb0a3e7c109a459716ae59588c0f6fab8a17d/ruff-0.16.10-py3-none-manylinux_2_17_aarch64.manylinux2014_aarch64.whl", hash = "sha256:494401c86df4c4c25f69b9419605d944467ee98c42fb6ad405ef4fa40b8fb67d", size = 9920895, upload-time = "2026-10-01T18:02:44.458Z" },
    { url = "https://files.pythonhosted.org/packages/57/de/f10cffe4f88a37ea6615ec460f01bf76f0bc1477737a35d9ee61a630a78b/ruff-0.16.10-py3-none-manylinux_2_17_armv7l.manylinux2014_armv7l.whl", hash = "sha256:d203abc0ff2b773ee33d00ab8df0bb67046fbc7c07b119332f08b9b345cf8221", size = 9902707, upload-time = "2026-10-01T18:02:47.041Z" },
    { url = "https://files.pythonhosted.org/packages/ff/44/3fdcedf83ae60ef837dd239170e480dce606a9142cfa2db911afdf855fd9/ruff-0.16.10-py3-none-manylinux_2_17_i686.manylinux2014_i686.whl", hash = "sha256:bd83d1235a5258d318477bc5b576303974cbdef5df0c01a1bff14efcc23bd12a", size = 10619287, upload-time = "2026-10-01T18:02:49.485Z" },
    { url = "https://files.pythonhosted.org/packages/c1/62/02e76a5574002153618eafbb70e159468addc72a5d2c488e65cbb4639d2d/ruff-0.16.10-py3-none-manylinux_2_17_ppc64le.manylinux2014_ppc64le.whl", hash = "sha256:bc2610fb269fa56dd8a68669ae470fa6272902668c0fc2ebc3aa112b2633d5b8", size = 11339942, upload-time = "2026-10-01T18:02:52.008Z" },
    { url = "https://files.pythonhosted.org/packages/6b/c4/cde27d47ad8d4126c587e608c67c46e7feac11763f606d261a1bc8a489e6/ruff-0.16.10-py3-none-manylinux_2_17_s390x.manylinux2014_s390x.whl", hash = "sha256:3e70175e29cc94c26ea296c80e470180b744b7419026898e58f520c6ab32578e", size = 10934316, upload-time = "2026-10-01T18:02:54.811Z" },
    { url = "https://files.pythonhosted.org/packages/e4/03/17234145f302a645a123e8c3bb2411ecf4669fbc350de3b0d803230a1729/ruff-0.16.10-py3-none-manylinux_2_17_x86_64.manylinux2014_x86_64.whl", hash = "sha256:f33f43a864a8483eebd160e713336c8bab02c934feaff0a33cf5ccb41546d09a", size = 10387968, upload-time = "2026-10-01T18:02:57.497Z" },
    { url = "https://files.pythonhosted.org/packages/71/29/2493af60240ee7644b38a4b821f5f9c3b5a4fa3178770fe1d0c685217395/ruff-0.16.10-py3-none-manylinux_2_31_riscv64.whl", hash = "sha256:1dfc6f0088149fb6a362c1c446bcbb3fd2157b3852fe2fa68409276eab9ad9b3", size = 10537906, upload-time = "2026-10-01T18:03:00.006Z" },
    { url = "https://files.pythonhosted.org/packages/2e/9a/f56b28f3b143bb9e518c34fb89ab191b626bca8b70dbf8af0d2e2d473572/ruff-0.16.10-py3-none-musllinux_1_2_aarch64.whl", hash = "sha256:6553498afc35f580f036030795810b9e6bcea31604b0fd9e8d352795473042e3", size = 10012938, upload-time = "2026-10-01T18:03:03.006Z" },
    { url = "https://files.pythonhosted.org/packages/c2/c4/fca37362848ea4d4d80712df13632e645e7c7cfb1bdedf140699ac7a090b/ruff-0.16.10-py3-none-musllinux_1_2_armv7l.whl", hash = "sha256:a3b8471dea115d37f123882be852bed13403746d3a76c11de4a19ec5f9ff5a03", size = 9897945, upload-time = "2026-10-01T18:03:05.818Z" },
    { url = "https://files.pythonhosted.org/packages/7d/c7/e0bc57664d6e0c61fd22f620af260fe9662d7e1ddb320ea7f160e76ef165/ruff-0.16.10-py3-none-musllinux_1_2_i686.whl", hash = "sha256:92e59a70bcbd9d3a5483656da906ec28edfdacfce00afd99edb8b4e9d15644be", size = 10333134, upload-time = "2026-10-01T18:03:08.25Z" },
    { url = "https://files.pythonhosted.org/packages/21/aa/5c9f3b68737c0e4a33a1db5dfab44f7b786d96ca91a7233112ddab1e6dc2/ruff-0.16.10-py3-none-musllinux_1_2_x86_64.whl", hash = "sha256:7ae7375f803b5520dc9f546bed7e3a0acb70b91812e9bb4b19927de22f25b77d", size = 10741702, upload-time = "2026-10-01T18:03:10.775Z" },
    { url = "https://files.pythonhosted.org/packages/78/fa/0f9c2020dc316c53d983be011720b8157cc052b97e3f4dfa7db6d0f880a6/ruff-0.16.10-py3-none-win32.whl", hash = "sha256:2a12e01cb9156c10c466f63b46eaae5ecea28dfbd21b5836353ae498e7d1349a", size = 10139176, upload-time = "2026-10-01T18:03:13.267Z" },
    { url = "https://files.pythonhosted.org/packages/99/29/cfb0df9448d4d4ad48c2de029ada9ebd71baa6da983a6c77ee6c6cd0fe82/ruff-0.16.10-py3-none-win_amd64.whl", hash = "sha256:97f2015c92aa97105b0eab19eb5d224884399281cfc5da86a92db4ab5e7fb2ca", size = 10584734, upload-time = "2026-10-01T18:03:16.006Z" },
    { url = "https://files.pythonhosted.org/packages/fc/05/c16957eb287c3fc062e032619a25868d93d408a844b725bcf514f7a378ff/ruff-0.16.10-py3-none-win_arm64.whl", hash = "sha256:25a65fe998c4e6861ec079ada5826a2fc605e6cbccbe9dcd7fac1f54e791621b", size = 10366440, upload-time = "2026-10-01T18:03:19.04Z" },
]

[[package]]
name = "scikit-build-core"
version = "1.1.1"
source = { registry = "https://pypi.org/simple" }
dependencies = [
    { name = "packaging" },
    { name = "pathspec" },
]
sdist = { url = "https://files.pythonhosted.org/packages/b2/1a/8c00b19c0a1e7acf890676af2efa430339d38e59fa9437f2aab8517af3f4/scikit_build_core-1.1.1.tar.gz", hash = "sha256:e347a59193c878ac56a363e57506938652a6dd8c965790cb1cbc6bc7e8d5abad", size = 516192, upload-time = "2026-10-02T19:18:37.596Z" }
wheels = [
    { url = "https://files.pythonhosted.org/packages/01/1b/83913d6d5c6a7f8ad5bf5d67b2d57ab09475f1bb9dd0c7a3f44067d59b90/scikit_build_core-1.1.1-py3-none-any.whl", hash = "sha256:6f6d6cf600e2e9639fd258ecd11cfc19bd189354b968916a519c6793e7e26237", size = 293450, upload-time = "2026-10-02T19:18:36.087Z" },
]

[[package]]
name = "tmux-cxx"
version = "0.1.0.dev0"
source = { editable = "." }

[package.dev-dependencies]
dev = [
    { name = "cmake" },
    { name = "nanobind" },
    { name = "ninja" },
    { name = "pytest" },
    { name = "ruff" },
    { name = "scikit-build-core" },
    { name = "ty" },
    { name = "uv" },
]

[package.metadata]

[package.metadata.requires-dev]
dev = [
    { name = "cmake", specifier = "==4.4.4" },
    { name = "nanobind", specifier = "==3.1.0" },
    { name = "ninja", specifier = "==1.13.2" },
    { name = "pytest", specifier = "==9.1.1" },
    { name = "ruff", specifier = "==0.16.10" },
    { name = "scikit-build-core", specifier = "==1.1.1" },
    { name = "ty", specifier = "==0.0.85" },
    { name = "uv", specifier = "==0.12.23" },
]

[[package]]
name = "ty"
version = "0.0.85"
source = { registry = "https://pypi.org/simple" }
sdist = { url = "https://files.pythonhosted.org/packages/66/8f/8de9c4ff90e7131a3c832ea074e123d551fed84c899d37a522f649ca7c6a/ty-0.0.85.tar.gz", hash = "sha256:ef442cbc2fd6dad02eb00dee4213c1e0f18e09bcbeec2cdce6aa802603c5c6bb", size = 7519853, upload-time = "2026-10-06T22:05:41.732Z" }
wheels = [
    { url = "https://files.pythonhosted.org/packages/1f/06/1716c1778088c5c8f96b248f0e0304e839ca69c096bde82b827bc00e4194/ty-0.0.85-py3-none-linux_armv6l.whl", hash = "sha256:012d71e0dcb51e74599adfb0e5c1416bdac3bf983115e42230545c782b06cfca", size = 14097338, upload-time = "2026-10-06T22:04:58.838Z" },
    { url = "https://files.pythonhosted.org/packages/4a/26/d6b2c7221096c3fa36a0afd4aa8134ffd450df63635ec3862a5a8cf6c9fd/ty-0.0.85-py3-none-macosx_10_12_x86_64.whl", hash = "sha256:391d1993ea3b26509ddb3878dbe79e4cb92487c73109893ee2e51394846e0a69", size = 13684794, upload-time = "2026-10-06T22:05:02.204Z" },
    { url = "https://files.pythonhosted.org/packages/e7/7a/dd1e2e1c54551d61451c18eeb918db833fdbc0a48022fd2bffc93c755735/ty-0.0.85-py3-none-macosx_11_0_arm64.whl", hash = "sha256:90e1bb090348cb560c7ba6109f2c898735b0520fd3114cd316d8bd80439aabb7", size = 13318789, upload-time = "2026-10-06T22:05:04.61Z" },
    { url = "https://files.pythonhosted.org/packages/ff/9c/6c4fc7badf3e1e2e160d0b5c68632d85eb48dd0341422ac44fdd855d1eaf/ty-0.0.85-py3-none-manylinux_2_17_aarch64.manylinux2014_aarch64.whl", hash = "sha256:311c131f735bf76be8852305817d5fd10165d6289c76350f6188b0749a66a7f8", size = 13526827, upload-time = "2026-10-06T22:05:07.046Z" },
    { url = "https://files.pythonhosted.org/packages/ba/e5/f6f2d279ef810d89b688425a72150bbbd84a2d6bf54eb9a5ae172f13e3a5/ty-0.0.85-py3-none-manylinux_2_17_armv7l.manylinux2014_armv7l.whl", hash = "sha256:a0971dc7b2f9e9cabdf654f53c8a40e563921227d05567b670f171cba2b3e385", size = 13823871, upload-time = "2026-10-06T22:05:09.731Z" },
    { url = "https://files.pythonhosted.org/packages/47/5d/1210c1f59e8c8c970807a2f13c180fa953ce58a6ddf28e90564db6f8890d/ty-0.0.85-py3-none-manylinux_2_17_i686.manylinux2014_i686.whl", hash = "sha256:5fada6d10172b4c88d44b1f9697c9f5f40d34f8fb40fe716da0366f094268c9b", size = 14727151, upload-time = "2026-10-06T22:05:12.299Z" },
    { url = "https://files.pythonhosted.org/packages/20/26/cdd96e45c33079174d5cd70649a5ae77758bc209f0685e8a4fecee9b7094/ty-0.0.85-py3-none-manylinux_2_17_ppc64le.manylinux2014_ppc64le.whl", hash = "sha256:d06c9aa616672e9f9856ff7b539be5c3a4719702e5636e58b4196a8c850a884b", size = 15148511, upload-time = "2026-10-06T22:05:15.304Z" },
    { url = "https://files.pythonhosted.org/packages/f0/28/fd471f2edc0f38a70f0494f9949d1983591073555d254031542c0ed29454/ty-0.0.85-py3-none-manylinux_2_17_s390x.manylinux2014_s390x.whl", hash = "sha256:2280d31c369ef61ed9a4c2399cd663340d85a5fd7965a8ad881203ea6b8b130e", size = 15090530, upload-time = "2026-10-06T22:05:17.874Z" },
    { url = "https://files.pythonhosted.org/packages/7b/4f/6ebfe4f14c399856fc80c448ab442521072f688dfde72b075d8a90d7cafa/ty-0.0.85-py3-none-manylinux_2_17_x86_64.manylinux2014_x86_64.whl", hash = "sha256:cc1fff0eab4e73fcc66df761a7a4759da04d3e9c2b82d57c628c50434e2ff0d7", size = 14322051, upload-time = "2026-10-06T22:05:20.366Z" },
    { url = "https://files.pythonhosted.org/packages/36/38/866054d20e12e72a76a37eaf60f1374f7ad4d0b973c145685782065d84cf/ty-0.0.85-py3-none-manylinux_2_31_riscv64.whl", hash = "sha256:453dcb85b5f2486ddc6ade57a50698e9a8d8e3aae34e50f0b20bc5e8c2a3bc2b", size = 14637631, upload-time = "2026-10-06T22:05:22.628Z" },
    { url = "https://files.pythonhosted.org/packages/08/16/700c730b4978de81bab82974c23db0229e58d852e10767e1f1f8b0e217db/ty-0.0.85-py3-none-musllinux_1_2_aarch64.whl", hash = "sha256:820eb594b1d30cd6a0776e59449ed6994b03c27af8da0c287ad351de193eb4a7", size = 13553358, upload-time = "2026-10-06T22:05:24.903Z" },
    { url = "https://files.pythonhosted.org/packages/2e/60/d2dda3a3443d55083429b1eccabed95cbf8769bc61c51831e0ece890780f/ty-0.0.85-py3-none-musllinux_1_2_armv7l.whl", hash = "sha256:4b76c6a2fc5974fc2c5f95156a34f44127be794f4b3dc9793aae5b6a4b774e83", size = 13837412, upload-time = "2026-10-06T22:05:27.163Z" },
    { url = "https://files.pythonhosted.org/packages/f2/54/05043adf78fa5c0440fe9b956505b24d2568da256b60e7479c691510bb92/ty-0.0.85-py3-none-musllinux_1_2_i686.whl", hash = "sha256:0e3a32de0731efce574367fdd680b7524c681909a92e6cf64bb40ad48ccbc110", size = 14167568, upload-time = "2026-10-06T22:05:29.519Z" },
    { url = "https://files.pythonhosted.org/packages/9d/31/0372621051cc807f23d2e9c55bab65818ed131852c05fbe4c65be365895e/ty-0.0.85-py3-none-musllinux_1_2_x86_64.whl", hash = "sha256:d622348c05a9fe99ad087dc93f174617a96f9fef23dd7a0acbdb0adaf8bd5ae6", size = 14489824, upload-time = "2026-10-06T22:05:32.089Z" },
    { url = "https://files.pythonhosted.org/packages/b5/64/0fca31db8c48dc72285f17b878e2c6a015279ab04a26e16f62abb384094f/ty-0.0.85-py3-none-win32.whl", hash = "sha256:0742d21a002481af8d2324b16ce5df210b5bb7673b0ea1096cfc02745c6b7280", size = 13410281, upload-time = "2026-10-06T22:05:34.418Z" },
    { url = "https://files.pythonhosted.org/packages/f6/a8/65d865185ecb18ee45b85cd99b34aedb3d8a4a9fe0438dab695e1390dbb7/ty-0.0.85-py3-none-win_amd64.whl", hash = "sha256:2636f8255b97c357dac1f9f50ca58f58a49642c8adb5c76643f483401a577014", size = 14112013, upload-time = "2026-10-06T22:05:36.946Z" },
    { url = "https://files.pythonhosted.org/packages/24/40/110b4f01af47fbb061f03e2f8e85cb30dd3d9ea614b2059dfaa058a044a5/ty-0.0.85-py3-none-win_arm64.whl", hash = "sha256:953574167a79d9dba7781238879955fa37fea405393710bfe53069ac82dff4d9", size = 13825189, upload-time = "2026-10-06T22:05:39.467Z" },
]

[[package]]
name = "uv"
version = "0.12.23"
source = { registry = "https://pypi.org/simple" }
sdist = { url = "https://files.pythonhosted.org/packages/6d/f5/34435c1d9ee52d38bda1d7d2948d8ef48a9ac9ec79e6fbfd81ced8b0ad19/uv-0.12.23.tar.gz", hash = "sha256:e952162a5be6847deaccf3fd5b41a628506fd9ff1ea4363b8c975bd6f927d832", size = 7197708, upload-time = "2026-10-03T17:33:01.864Z" }
wheels = [
    { url = "https://files.pythonhosted.org/packages/7c/af/ed4bcd2fbebe19d613412d02053af44809d02a1204cb6cf0a7a9af7a02fa/uv-0.12.23-py3-none-linux_armv6l.whl", hash = "sha256:8f021dfbe5b6081021dd47fd8372cfba386fc5d39161e73d4f33cff90ce1760c", size = 22770792, upload-time = "2026-10-03T17:31:15.723Z" },
    { url = "https://files.pythonhosted.org/packages/01/15/a2514d061b92d4b7c0ebefc3da51f3ff5a528e9f4c067ea2cf48c5573e5a/uv-0.12.23-py3-none-macosx_10_12_x86_64.whl", hash = "sha256:4951286e68f116fa41897ecf8e248cc2836cb013be6d4f37afae4049f9ef4df7", size = 21459315, upload-time = "2026-10-03T17:31:18.824Z" },
    { url = "https://files.pythonhosted.org/packages/23/e9/b75db33954e985a763bd3277a477cabd551aaba7d08872b22400838dace2/uv-0.12.23-py3-none-macosx_11_0_arm64.whl", hash = "sha256:99197c022afbd1edd0a295e9fdac5078c61eddf2e77657a77294cfe8ea0d94b9", size = 17158822, upload-time = "2026-10-03T17:31:21.13Z" },
    { url = "https://files.pythonhosted.org/packages/39/77/ff15f878a215b543fd5aa05d2e3f939f3a2c46502ff58362eb5b51434af3/uv-0.12.23-py3-none-manylinux_2_17_aarch64.manylinux2014_aarch64.musllinux_1_1_aarch64.whl", hash = "sha256:895137194d242cc8075c3006288b485af54feeae68512f4ffc96f75b27543cc0", size = 22159208, upload-time = "2026-10-03T17:31:23.624Z" },
    { url = "https://files.pythonhosted.org/packages/ab/2f/94bfc387f1c8169c2f82415f39a1a318d148104053b0efc70d3e15e72da6/uv-0.12.23-py3-none-manylinux_2_17_armv7l.manylinux2014_armv7l.musllinux_1_1_armv7l.whl", hash = "sha256:c4d236bb220856027ba8e28ef693cac472ee2a740a61faef1ac2001165c7b3d5", size = 22254708, upload-time = "2026-10-03T17:31:26.313Z" },
    { url = "https://files.pythonhosted.org/packages/a2/e2/42eba7023a4ab5496c17dacd27834cb0479fbccdadafe406cd4c187c5b33/uv-0.12.23-py3-none-manylinux_2_17_armv7l.manylinux2014_armv7l.whl", hash = "sha256:02f2a0fd1cb90b5fc06b52e8cbc3169bdc4e53804e9d66ba0ad516be767424f4", size = 22290428, upload-time = "2026-10-03T17:31:28.895Z" },
    { url = "https://files.pythonhosted.org/packages/19/cb/c68249501d913d3ef35596283acbe0af0f1b388e27c6b46aa402e968c55d/uv-0.12.23-py3-none-manylinux_2_17_i686.manylinux2014_i686.whl", hash = "sha256:855232fd95d456bd5ee17e262f73112967fbbb2803e745f1911c08ceb042e641", size = 23126626, upload-time = "2026-10-03T17:31:31.242Z" },
    { url = "https://files.pythonhosted.org/packages/14/fb/a6cf5eb99a37368ce8ad698ff406997897502eee5cacfd3d9805a02336ff/uv-0.12.23-py3-none-manylinux_2_17_ppc64le.manylinux2014_ppc64le.whl", hash = "sha256:b70220be9056bd05908770179101a53687eb5c89f72a3edc1e20df0cd3f157c2", size = 24336288, upload-time = "2026-10-03T17:31:33.73Z" },
    { url = "https://files.pythonhosted.org/packages/c2/73/809af8a6fc97adfce7750b6b6d8c7fdf3e57c6ad40bc99e6b1228cdabe1e/uv-0.12.23-py3-none-manylinux_2_17_s390x.manylinux2014_s390x.whl", hash = "sha256:08b2fc8e250efdfc1e47da0483f3e19f433bb0934282361817f61c0b19cb3674", size = 24092888, upload-time = "2026-10-03T17:31:36.747Z" },
    { url = "https://files.pythonhosted.org/packages/e5/83/85a6c63c24905af4924fddb11a499b934913f59a134248367a1ef1a4716f/uv-0.12.23-py3-none-manylinux_2_17_x86_64.manylinux2014_x86_64.whl", hash = "sha256:565c6e2874dbeae86c02f3dea97255e878fec672659a73d4930c6b93fcab2fff", size = 20579564, upload-time = "2026-10-03T17:31:39.705Z" },
    { url = "https://files.pythonhosted.org/packages/df/50/84d0424b63718ac6f277c0b77206751e078a0adea16813320508a033e718/uv-0.12.23-py3-none-manylinux_2_28_aarch64.whl", hash = "sha256:9346c741175c7fc0d380f30fcfcb8d5e13f5f900b30536230c8d34208524e47a", size = 19859001, upload-time = "2026-10-03T17:31:42.397Z" },
    { url = "https://files.pythonhosted.org/packages/66/b7/03fe205f2f9af0dfa4467e561c7ecc620f03e7f7339d78d16fa38582e207/uv-0.12.23-py3-none-manylinux_2_31_riscv64.musllinux_1_1_riscv64.whl", hash = "sha256:b03b1c35b5f301e888671eb5d0e74b8789558905db1d411cb8e07ea4ec320268", size = 22701871, upload-time = "2026-10-03T17:31:44.804Z" },
    { url = "https://files.pythonhosted.org/packages/f3/17/26862297f6bece90d7f825f78a814580b36a9ac69a139f0385660e1a205c/uv-0.12.23-py3-none-manylinux_2_31_riscv64.whl", hash = "sha256:5b07cbea635177da0d6b902bcde9ce0304c1fa5b49a37b27ef7aa021c5c31697", size = 22814543, upload-time = "2026-10-03T17:31:47.313Z" },
    { url = "https://files.pythonhosted.org/packages/da/04/31ae46fe42cbdc91b30162e5d430719911339a18f8ab3fb9126ee409fe29/uv-0.12.23-py3-none-musllinux_1_1_i686.whl", hash = "sha256:7a919e3420adf4cc03895b404af655c7229f646bffabbd9a16979683772a7d34", size = 22269008, upload-time = "2026-10-03T17:31:49.911Z" },
    { url = "https://files.pythonhosted.org/packages/71/b7/340260cf1a92017b271869764a68d9a019d796c4a7fa80c6c1bbcf5721eb/uv-0.12.23-py3-none-musllinux_1_1_x86_64.whl", hash = "sha256:11d18c1589d7907376b4f3fa31028e46cc609ac4b7d83eabc2b04cd8ca1433cc", size = 23541384, upload-time = "2026-10-03T17:31:52.416Z" },
    { url = "https://files.pythonhosted.org/packages/77/76/3a7ab3ab0bd8ab107b50fe981a3198188c8260e9b17b629e64899eca709b/uv-0.12.23-py3-none-win32.whl", hash = "sha256:f05c5ad8d6cb4b2659cb6368ed02c067539415b24a2b69effd8ada576fdbf303", size = 20101333, upload-time = "2026-10-03T17:31:54.811Z" },
    { url = "https://files.pythonhosted.org/packages/af/fd/816f4e8a76197312ec8037369e5b5c8a5ebde7aa118b6250259e031d3444/uv-0.12.23-py3-none-win_amd64.whl", hash = "sha256:fb8a4117a5224d73abe2204a1e744ae34b544f1b9a0b761576851deaa7215c12", size = 18138726, upload-time = "2026-10-03T17:31:57.498Z" },
    { url = "https://files.pythonhosted.org/packages/d9/74/1906f7f3f785fcf37a72b371d4ab58ec7193c5760923136cca1376209bc8/uv-0.12.23-py3-none-win_arm64.whl", hash = "sha256:9a65258535db432df51ca7d26338c01431820b94b634762f5718fc55895f974e", size = 19208424, upload-time = "2026-10-03T17:31:59.726Z" },
]
